{
  "name": "stream-log-stats",
  "version": "3.0.2",
  "lockfileVersion": 3,
  "requires": true,
  "packages": {
    "": {
      "name": "stream-log-stats",
      "version": "3.0.2",
      "license": "MIT",
      "dependencies": {
        "ansi-escape-sequences": "^6.2.2",
        "byte-size": "^9.0.0",
        "common-log-format": "^2.0.1",
        "JSONStream": "^1.3.5",
        "lodash.throttle": "^4.1.1",
        "stream-via": "^1.0.4",
        "table-layout": "^4.1.1"
      },
      "bin": {
        "log-stats": "bin/cli.js"
      },
      "devDependencies": {},
      "engines": {
        "node": ">=8.0.0"
      }
    },
    "node_modules/ansi-escape-sequences": {
      "version": "6.2.2",
      "resolved": "https://registry.npmjs.org/ansi-escape-sequences/-/ansi-escape-sequences-6.2.2.tgz",
      "integrity": "sha512-mBPG9BZy4dMOJQ9BehU6ph8IKslvVppbqZ8APHnpfP+Hsx/hGow5PY46lSQL1vPPi1F5XTtO6p3GcH8O9c0cUg==",
      "license": "MIT",
      "dependencies": {
        "array-back": "^6.2.2"
      },
      "engines": {
        "node": ">=12.17"
      }
    },
    "node_modules/array-back": {
      "version": "6.2.2",
      "resolved": "https://registry.npmjs.org/array-back/-/array-back-6.2.2.tgz",
      "integrity": "sha512-gUAZ7HPyb4SJczXAMUXMGAvI976JoK3qEx9v1FTmeYuJj0IBiaKttG1ydtGKdkfqWkIkouke7nG8ufGy77+Cvw==",
      "license": "MIT",
      "engines": {
        "node": ">=12.17"
      }
    },
    "node_modules/byte-size": {
      "version": "9.0.0",
      "resolved": "https://registry.npmjs.org/byte-size/-/byte-size-9.0.0.tgz",
      "integrity": "sha512-xrJ8Hki7eQ6xew55mM6TG9zHI852OoAHcPfduWWtR6yxk2upTuIZy13VioRBDyHReHDdbeDPifUboeNkK/sXXA==",
      "license": "MIT",
      "engines": {
        "node": ">=12.17"
      }
    },
    "node_modules/common-log-format": {
      "version": "2.0.1",
      "resolved": "https://registry.npmjs.org/common-log-format/-/common-log-format-2.0.1.tgz",
      "integrity": "sha512-M+q09UEnd24XMytLMOt6ci9/STbxYH21MNh4dl6GLARTe4+mDuJX0x9cWewD4xfjJbeL8iNIPlmF/5wmJsH2+w==",
      "license": "MIT",
      "bin": {
        "clf": "bin/cli.js"
      },
      "engines": {
        "node": ">=12"
      }
    },
    "node_modules/jsonparse": {
      "version": "1.3.1",
      "resolved": "https://registry.npmjs.org/jsonparse/-/jsonparse-1.3.1.tgz",
      "integrity": "sha512-POQXvpdL69+CluYsillJ7SUhKvytYjW9vG/GKpnf+xP8UWgYEM/RaMzHHofbALDiKbbP1W8UEYmgGl39WkPZsg==",
      "engines": [
        "node >= 0.2.0"
      ],
      "license": "MIT"
    },
    "node_modules/JSONStream": {
      "version": "1.3.5",
      "resolved": "https://registry.npmjs.org/JSONStream/-/JSONStream-1.3.5.tgz",
      "integrity": "sha512-E+iruNOY8VV9s4JEbe1aNEm6MiszPRr/UfcHMz0TQh1BXSxHK+ASV1R6W4HpjBhSeS+54PIsAMCBmwD06LLsqQ==",
      "license": "(MIT OR Apache-2.0)",
      "dependencies": {
        "jsonparse": "^1.2.0",
        "through": ">=2.2.7 <3"
      },
      "bin": {
        "JSONStream": "bin.js"
      },
      "engines": {
        "node": "*"
      }
    },
    "node_modules/lodash.throttle": {
      "version": "4.1.1",
      "resolved": "https://registry.npmjs.org/lodash.throttle/-/lodash.throttle-4.1.1.tgz",
      "integrity": "sha512-wIkUCfVKpVsWo3JSZlc+8MB5it+2AN5W8J7YVMST30UrvcQNZ1Okbj+rbVniijTWE6FGYy4XJq/rHkas8qJMLQ==",
      "license": "MIT"
    },
    "node_modules/stream-via": {
      "version": "1.0.4",
      "resolved": "https://registry.npmjs.org/stream-via/-/stream-via-1.0.4.tgz",
      "integrity": "sha512-DBp0lSvX5G9KGRDTkR/R+a29H+Wk2xItOF+MpZLLNDWbEV9tGPnqLPxHEYjmiz8xGtJHRIqmI+hCjmNzqoA4nQ==",
      "license": "MIT",
      "engines": {
        "node": ">=0.10.0"
      }
    },
    "node_modules/table-layout": {
      "version": "4.1.1",
      "resolved": "https://registry.npmjs.org/table-layout/-/table-layout-4.1.1.tgz",
      "integrity": "sha512-iK5/YhZxq5GO5z8wb0bY1317uDF3Zjpha0QFFLA8/trAoiLbQD0HUbMesEaxyzUgDxi2QlcbM8IvqOlEjgoXBA==",
      "license": "MIT",
      "dependencies": {
        "array-back": "^6.2.2",
        "wordwrapjs": "^5.1.0"
      },
      "engines": {
        "node": ">=12.17"
      }
    },
    "node_modules/through": {
      "version": "2.3.8",
      "resolved": "https://registry.npmjs.org/through/-/through-2.3.8.tgz",
      "integrity": "sha512-w89qg7PI8wAdvX60bMDP+bFoD5Dvhm9oLheFp5O4a2QF0cSBGsBX4qZmadPMvVqlLJBBci+WqGGOAPvcDeNSVg==",
      "license": "MIT"
    },
    "node_modules/wordwrapjs": {
      "version": "5.1.0",
      "resolved": "https://registry.npmjs.org/wordwrapjs/-/wordwrapjs-5.1.0.tgz",
      "integrity": "sha512-JNjcULU2e4KJwUNv6CHgI46UvDGitb6dGryHajXTDiLgg1/RiGoPSDw4kZfYnwGtEXf2ZMeIewDQgFGzkCB2Sg==",
      "license": "MIT",
      "engines": {
        "node": ">=12.17"
      }
    }
  }
}
